
Microsoft Visual Studio Solution File, Format Version 12.00
# Visual Studio Version 17
VisualStudioVersion = 17.14.36518.9
MinimumVisualStudioVersion = 10.0.40219.1
Project("{8BC9CEB8-8B4A-11D0-8D11-00A0C91BC942}") = "01tennisEquipment", "01tennisEquipment\01tennisEquipment.vcxproj", "{D23887C2-FB52-4140-B0D1-8F56F18FF9C7}"
EndProject
Project("{8BC9CEB8-8B4A-11D0-8D11-00A0C91BC942}") = "02basketballEquipment", "02basketballEquipment\02basketballEquipment.vcxproj", "{93E43196-68E9-41E1-B320-77E24C299B0A}"
EndProject
Project("{8BC9CEB8-8B4A-11D0-8D11-00A0C91BC942}") = "03footballResults", "03footballResults\03footballResults.vcxproj", "{FEEDC463-F26C-42B3-A28B-E6353D02A0C2}"
EndProject
Project("{8BC9CEB8-8B4A-11D0-8D11-00A0C91BC942}") = "04skeleton", "04skeleton\04skeleton.vcxproj", "{EFE5DB88-5C39-40E3-82E8-E56AD772FBF5}"
EndProject
Project("{8BC9CEB8-8B4A-11D0-8D11-00A0C91BC942}") = "05gymnastics", "05gymnastics\05gymnastics.vcxproj", "{B595BC42-F70B-4F33-8EB3-E5333E617991}"
EndProject
Project("{8BC9CEB8-8B4A-11D0-8D11-00A0C91BC942}") = "06worldSnookerChampionship", "06worldSnookerChampionship\06worldSnookerChampionship.vcxproj", "{C1C26C62-992B-4D9F-9F66-0C8353A74FDE}"
EndProject
Project("{8BC9CEB8-8B4A-11D0-8D11-00A0C91BC942}") = "07gameNumberWars", "07gameNumberWars\07gameNumberWars.vcxproj", "{5B00E20E-229C-43C9-A214-01A49D8D630E}"
EndProject
Project("{8BC9CEB8-8B4A-11D0-8D11-00A0C91BC942}") = "08darts", "08darts\08darts.vcxproj", "{DDC30E50-FB7F-4063-99F6-2D1DA28B2DF3}"
EndProject
Global
	GlobalSection(SolutionConfigurationPlatforms) = preSolution
		Debug|x64 = Debug|x64
		Debug|x86 = Debug|x86
		Release|x64 = Release|x64
		Release|x86 = Release|x86
	EndGlobalSection
	GlobalSection(ProjectConfigurationPlatforms) = postSolution
		{D23887C2-FB52-4140-B0D1-8F56F18FF9C7}.Debug|x64.ActiveCfg = Debug|x64
		{D23887C2-FB52-4140-B0D1-8F56F18FF9C7}.Debug|x64.Build.0 = Debug|x64
		{D23887C2-FB52-4140-B0D1-8F56F18FF9C7}.Debug|x86.ActiveCfg = Debug|Win32
		{D23887C2-FB52-4140-B0D1-8F56F18FF9C7}.Debug|x86.Build.0 = Debug|Win32
		{D23887C2-FB52-4140-B0D1-8F56F18FF9C7}.Release|x64.ActiveCfg = Release|x64
		{D23887C2-FB52-4140-B0D1-8F56F18FF9C7}.Release|x64.Build.0 = Release|x64
		{D23887C2-FB52-4140-B0D1-8F56F18FF9C7}.Release|x86.ActiveCfg = Release|Win32
		{D23887C2-FB52-4140-B0D1-8F56F18FF9C7}.Release|x86.Build.0 = Release|Win32
		{93E43196-68E9-41E1-B320-77E24C299B0A}.Debug|x64.ActiveCfg = Debug|x64
		{93E43196-68E9-41E1-B320-77E24C299B0A}.Debug|x64.Build.0 = Debug|x64
		{93E43196-68E9-41E1-B320-77E24C299B0A}.Debug|x86.ActiveCfg = Debug|Win32
		{93E43196-68E9-41E1-B320-77E24C299B0A}.Debug|x86.Build.0 = Debug|Win32
		{93E43196-68E9-41E1-B320-77E24C299B0A}.Release|x64.ActiveCfg = Release|x64
		{93E43196-68E9-41E1-B320-77E24C299B0A}.Release|x64.Build.0 = Release|x64
		{93E43196-68E9-41E1-B320-77E24C299B0A}.Release|x86.ActiveCfg = Release|Win32
		{93E43196-68E9-41E1-B320-77E24C299B0A}.Release|x86.Build.0 = Release|Win32
		{FEEDC463-F26C-42B3-A28B-E6353D02A0C2}.Debug|x64.ActiveCfg = Debug|x64
		{FEEDC463-F26C-42B3-A28B-E6353D02A0C2}.Debug|x64.Build.0 = Debug|x64
		{FEEDC463-F26C-42B3-A28B-E6353D02A0C2}.Debug|x86.ActiveCfg = Debug|Win32
		{FEEDC463-F26C-42B3-A28B-E6353D02A0C2}.Debug|x86.Build.0 = Debug|Win32
		{FEEDC463-F26C-42B3-A28B-E6353D02A0C2}.Release|x64.ActiveCfg = Release|x64
		{FEEDC463-F26C-42B3-A28B-E6353D02A0C2}.Release|x64.Build.0 = Release|x64
		{FEEDC463-F26C-42B3-A28B-E6353D02A0C2}.Release|x86.ActiveCfg = Release|Win32
		{FEEDC463-F26C-42B3-A28B-E6353D02A0C2}.Release|x86.Build.0 = Release|Win32
		{EFE5DB88-5C39-40E3-82E8-E56AD772FBF5}.Debug|x64.ActiveCfg = Debug|x64
		{EFE5DB88-5C39-40E3-82E8-E56AD772FBF5}.Debug|x64.Build.0 = Debug|x64
		{EFE5DB88-5C39-40E3-82E8-E56AD772FBF5}.Debug|x86.ActiveCfg = Debug|Win32
		{EFE5DB88-5C39-40E3-82E8-E56AD772FBF5}.Debug|x86.Build.0 = Debug|Win32
		{EFE5DB88-5C39-40E3-82E8-E56AD772FBF5}.Release|x64.ActiveCfg = Release|x64
		{EFE5DB88-5C39-40E3-82E8-E56AD772FBF5}.Release|x64.Build.0 = Release|x64
		{EFE5DB88-5C39-40E3-82E8-E56AD772FBF5}.Release|x86.ActiveCfg = Release|Win32
		{EFE5DB88-5C39-40E3-82E8-E56AD772FBF5}.Release|x86.Build.0 = Release|Win32
		{B595BC42-F70B-4F33-8EB3-E5333E617991}.Debug|x64.ActiveCfg = Debug|x64
		{B595BC42-F70B-4F33-8EB3-E5333E617991}.Debug|x64.Build.0 = Debug|x64
		{B595BC42-F70B-4F33-8EB3-E5333E617991}.Debug|x86.ActiveCfg = Debug|Win32
		{B595BC42-F70B-4F33-8EB3-E5333E617991}.Debug|x86.Build.0 = Debug|Win32
		{B595BC42-F70B-4F33-8EB3-E5333E617991}.Release|x64.ActiveCfg = Release|x64
		{B595BC42-F70B-4F33-8EB3-E5333E617991}.Release|x64.Build.0 = Release|x64
		{B595BC42-F70B-4F33-8EB3-E5333E617991}.Release|x86.ActiveCfg = Release|Win32
		{B595BC42-F70B-4F33-8EB3-E5333E617991}.Release|x86.Build.0 = Release|Win32
		{C1C26C62-992B-4D9F-9F66-0C8353A74FDE}.Debug|x64.ActiveCfg = Debug|x64
		{C1C26C62-992B-4D9F-9F66-0C8353A74FDE}.Debug|x64.Build.0 = Debug|x64
		{C1C26C62-992B-4D9F-9F66-0C8353A74FDE}.Debug|x86.ActiveCfg = Debug|Win32
		{C1C26C62-992B-4D9F-9F66-0C8353A74FDE}.Debug|x86.Build.0 = Debug|Win32
		{C1C26C62-992B-4D9F-9F66-0C8353A74FDE}.Release|x64.ActiveCfg = Release|x64
		{C1C26C62-992B-4D9F-9F66-0C8353A74FDE}.Release|x64.Build.0 = Release|x64
		{C1C26C62-992B-4D9F-9F66-0C8353A74FDE}.Release|x86.ActiveCfg = Release|Win32
		{C1C26C62-992B-4D9F-9F66-0C8353A74FDE}.Release|x86.Build.0 = Release|Win32
		{5B00E20E-229C-43C9-A214-01A49D8D630E}.Debug|x64.ActiveCfg = Debug|x64
		{5B00E20E-229C-43C9-A214-01A49D8D630E}.Debug|x64.Build.0 = Debug|x64
		{5B00E20E-229C-43C9-A214-01A49D8D630E}.Debug|x86.ActiveCfg = Debug|Win32
		{5B00E20E-229C-43C9-A214-01A49D8D630E}.Debug|x86.Build.0 = Debug|Win32
		{5B00E20E-229C-43C9-A214-01A49D8D630E}.Release|x64.ActiveCfg = Release|x64
		{5B00E20E-229C-43C9-A214-01A49D8D630E}.Release|x64.Build.0 = Release|x64
		{5B00E20E-229C-43C9-A214-01A49D8D630E}.Release|x86.ActiveCfg = Release|Win32
		{5B00E20E-229C-43C9-A214-01A49D8D630E}.Release|x86.Build.0 = Release|Win32
		{DDC30E50-FB7F-4063-99F6-2D1DA28B2DF3}.Debug|x64.ActiveCfg = Debug|x64
		{DDC30E50-FB7F-4063-99F6-2D1DA28B2DF3}.Debug|x64.Build.0 = Debug|x64
		{DDC30E50-FB7F-4063-99F6-2D1DA28B2DF3}.Debug|x86.ActiveCfg = Debug|Win32
		{DDC30E50-FB7F-4063-99F6-2D1DA28B2DF3}.Debug|x86.Build.0 = Debug|Win32
		{DDC30E50-FB7F-4063-99F6-2D1DA28B2DF3}.Release|x64.ActiveCfg = Release|x64
		{DDC30E50-FB7F-4063-99F6-2D1DA28B2DF3}.Release|x64.Build.0 = Release|x64
		{DDC30E50-FB7F-4063-99F6-2D1DA28B2DF3}.Release|x86.ActiveCfg = Release|Win32
		{DDC30E50-FB7F-4063-99F6-2D1DA28B2DF3}.Release|x86.Build.0 = Release|Win32
	EndGlobalSection
	GlobalSection(SolutionProperties) = preSolution
		HideSolutionNode = FALSE
	EndGlobalSection
	GlobalSection(ExtensibilityGlobals) = postSolution
		SolutionGuid = {E5DDE834-616E-4C55-B73D-16EB5786266B}
	EndGlobalSection
EndGlobal
